
Microsoft Visual Studio Solution File, Format Version 12.00
# Visual Studio Version 16
VisualStudioVersion = 16.0.30804.86
MinimumVisualStudioVersion = 15.0.26124.0
Project("{9A19103F-16F7-4668-BE54-9A1E7A4F7556}") = "RogueEntity.Core", "src\RogueEntity.Core\RogueEntity.Core.csproj", "{D8217621-528E-4A0C-B629-00E95012257F}"
EndProject
Project("{9A19103F-16F7-4668-BE54-9A1E7A4F7556}") = "RogueEntity.Core.Tests", "tests\RogueEntity.Core.Tests\RogueEntity.Core.Tests.csproj", "{31BE4B64-054B-4642-904D-B96907B9A3CD}"
EndProject
Project("{9A19103F-16F7-4668-BE54-9A1E7A4F7556}") = "RogueEntity.DndKit", "src\RogueEntity.DndKit\RogueEntity.DndKit.csproj", "{13D8F9DA-750E-4F01-B268-118FD4C17008}"
EndProject
Project("{9A19103F-16F7-4668-BE54-9A1E7A4F7556}") = "RogueEntity.DndKit.Tests", "tests\RogueEntity.DndKit.Tests\RogueEntity.DndKit.Tests.csproj", "{79022EFC-A910-453E-A19D-DFF7DDA0A91B}"
EndProject
Project("{FAE04EC0-301F-11D3-BF4B-00C04F79EFBC}") = "_build", "build\_build.csproj", "{40387DAD-211D-4961-97EF-4D09D9E1FAE3}"
EndProject
Project("{9A19103F-16F7-4668-BE54-9A1E7A4F7556}") = "RogueEntity.Generator", "src\RogueEntity.Generator\RogueEntity.Generator.csproj", "{D9FB99D7-A7BD-45F0-82CC-84132CFEAA34}"
EndProject
Project("{9A19103F-16F7-4668-BE54-9A1E7A4F7556}") = "RogueEntity.Api", "src\RogueEntity.Api\RogueEntity.Api.csproj", "{B5C4EB67-7F0A-437B-B570-170570D9E820}"
EndProject
Project("{9A19103F-16F7-4668-BE54-9A1E7A4F7556}") = "RogueEntity.EntityKeyGenerator", "src\RogueEntity.EntityKeyGenerator\RogueEntity.EntityKeyGenerator.csproj", "{AD52596F-BF25-48B0-9C57-197A45DD4D46}"
EndProject
Project("{9A19103F-16F7-4668-BE54-9A1E7A4F7556}") = "RogueEntity.EntityKeyGenerator.Sample", "src\RogueEntity.EntityKeyGenerator.Sample\RogueEntity.EntityKeyGenerator.Sample.csproj", "{94EB6C80-E67E-457B-8377-5DD6AA4214B0}"
EndProject
Project("{9A19103F-16F7-4668-BE54-9A1E7A4F7556}") = "RogueEntity.Performance.Tests", "tests\RogueEntity.Performance.Tests\RogueEntity.Performance.Tests.csproj", "{2E0FA4D2-B919-45B6-90DD-B30F2EAF19E0}"
EndProject
Project("{9A19103F-16F7-4668-BE54-9A1E7A4F7556}") = "RogueEntity.Generator.Tests", "tests\RogueEntity.Generator.Tests\RogueEntity.Generator.Tests.csproj", "{34037B07-EC58-496F-8DD9-9F4BCDC14E4C}"
EndProject
Project("{9A19103F-16F7-4668-BE54-9A1E7A4F7556}") = "RogueEntity.Benchmarks", "benchmarks\RogueEntity.Benchmarks\RogueEntity.Benchmarks.csproj", "{636449B0-9C97-423F-8528-E597838FD06A}"
EndProject
Project("{9A19103F-16F7-4668-BE54-9A1E7A4F7556}") = "RogueEntity.SadCons", "src\RogueEntity.SadCons\RogueEntity.SadCons.csproj", "{0DA67E24-EB0A-4747-B161-FBEBDEA73388}"
EndProject
Project("{9A19103F-16F7-4668-BE54-9A1E7A4F7556}") = "RogueEntity.Api.Tests", "tests\RogueEntity.Api.Tests\RogueEntity.Api.Tests.csproj", "{35C37FCA-CBEE-49E7-ACC5-85AF4EE782BD}"
EndProject
Project("{9A19103F-16F7-4668-BE54-9A1E7A4F7556}") = "RogueEntity.Samples.BoxPusher.Core", "samples\RogueEntity.Samples.BoxPusher.Core\RogueEntity.Samples.BoxPusher.Core.csproj", "{499C01BD-06D1-4197-9D1E-99E8B018FE22}"
EndProject
Project("{9A19103F-16F7-4668-BE54-9A1E7A4F7556}") = "RogueEntity.Samples.MineSweeper.Core", "samples\RogueEntity.Samples.MineSweeper.Core\RogueEntity.Samples.MineSweeper.Core.csproj", "{B54B02ED-09AF-4F03-8023-5E690F4D4A14}"
EndProject
Project("{9A19103F-16F7-4668-BE54-9A1E7A4F7556}") = "RogueEntity.Samples.BoxPusher.MonoGame", "samples\RogueEntity.Samples.BoxPusher.MonoGame\RogueEntity.Samples.BoxPusher.MonoGame.csproj", "{0D361C78-6B72-46DF-8587-214DDB96878B}"
EndProject
Project("{9A19103F-16F7-4668-BE54-9A1E7A4F7556}") = "RogueEntity.Samples.MineSweeper.MonoGame", "samples\RogueEntity.Samples.MineSweeper.MonoGame\RogueEntity.Samples.MineSweeper.MonoGame.csproj", "{962F3DEF-CBC6-4B10-8DBC-8FC76719D2D9}"
EndProject
Project("{9A19103F-16F7-4668-BE54-9A1E7A4F7556}") = "RogueEntity.Samples.BoxPusher.Tests", "samples\RogueEntity.Samples.BoxPusher.Tests\RogueEntity.Samples.BoxPusher.Tests.csproj", "{4AFD2E47-37DA-4FDC-8432-3215F82169E3}"
EndProject
Project("{9A19103F-16F7-4668-BE54-9A1E7A4F7556}") = "RogueEntity.Samples.MineSweeper.Tests", "samples\RogueEntity.Samples.MineSweeper.Tests\RogueEntity.Samples.MineSweeper.Tests.csproj", "{6BBE2237-2AA5-4DF3-8949-BBF760682416}"
EndProject
Project("{9A19103F-16F7-4668-BE54-9A1E7A4F7556}") = "docs", "docs\docs.csproj", "{79974B16-A3E6-4A0F-8701-ABCDE95BF751}"
EndProject
Global
	GlobalSection(SolutionConfigurationPlatforms) = preSolution
		Debug|Any CPU = Debug|Any CPU
		Debug|x64 = Debug|x64
		Debug|x86 = Debug|x86
		Release|Any CPU = Release|Any CPU
		Release|x64 = Release|x64
		Release|x86 = Release|x86
	EndGlobalSection
	GlobalSection(ProjectConfigurationPlatforms) = postSolution
		{D8217621-528E-4A0C-B629-00E95012257F}.Debug|Any CPU.ActiveCfg = Debug|Any CPU
		{D8217621-528E-4A0C-B629-00E95012257F}.Debug|Any CPU.Build.0 = Debug|Any CPU
		{D8217621-528E-4A0C-B629-00E95012257F}.Debug|x64.ActiveCfg = Debug|Any CPU
		{D8217621-528E-4A0C-B629-00E95012257F}.Debug|x64.Build.0 = Debug|Any CPU
		{D8217621-528E-4A0C-B629-00E95012257F}.Debug|x86.ActiveCfg = Debug|Any CPU
		{D8217621-528E-4A0C-B629-00E95012257F}.Debug|x86.Build.0 = Debug|Any CPU
		{D8217621-528E-4A0C-B629-00E95012257F}.Release|Any CPU.ActiveCfg = Release|Any CPU
		{D8217621-528E-4A0C-B629-00E95012257F}.Release|Any CPU.Build.0 = Release|Any CPU
		{D8217621-528E-4A0C-B629-00E95012257F}.Release|x64.ActiveCfg = Release|Any CPU
		{D8217621-528E-4A0C-B629-00E95012257F}.Release|x64.Build.0 = Release|Any CPU
		{D8217621-528E-4A0C-B629-00E95012257F}.Release|x86.ActiveCfg = Release|Any CPU
		{D8217621-528E-4A0C-B629-00E95012257F}.Release|x86.Build.0 = Release|Any CPU
		{31BE4B64-054B-4642-904D-B96907B9A3CD}.Debug|Any CPU.ActiveCfg = Debug|Any CPU
		{31BE4B64-054B-4642-904D-B96907B9A3CD}.Debug|Any CPU.Build.0 = Debug|Any CPU
		{31BE4B64-054B-4642-904D-B96907B9A3CD}.Debug|x64.ActiveCfg = Debug|Any CPU
		{31BE4B64-054B-4642-904D-B96907B9A3CD}.Debug|x64.Build.0 = Debug|Any CPU
		{31BE4B64-054B-4642-904D-B96907B9A3CD}.Debug|x86.ActiveCfg = Debug|Any CPU
		{31BE4B64-054B-4642-904D-B96907B9A3CD}.Debug|x86.Build.0 = Debug|Any CPU
		{31BE4B64-054B-4642-904D-B96907B9A3CD}.Release|Any CPU.ActiveCfg = Release|Any CPU
		{31BE4B64-054B-4642-904D-B96907B9A3CD}.Release|Any CPU.Build.0 = Release|Any CPU
		{31BE4B64-054B-4642-904D-B96907B9A3CD}.Release|x64.ActiveCfg = Release|Any CPU
		{31BE4B64-054B-4642-904D-B96907B9A3CD}.Release|x64.Build.0 = Release|Any CPU
		{31BE4B64-054B-4642-904D-B96907B9A3CD}.Release|x86.ActiveCfg = Release|Any CPU
		{31BE4B64-054B-4642-904D-B96907B9A3CD}.Release|x86.Build.0 = Release|Any CPU
		{13D8F9DA-750E-4F01-B268-118FD4C17008}.Debug|Any CPU.ActiveCfg = Debug|Any CPU
		{13D8F9DA-750E-4F01-B268-118FD4C17008}.Debug|Any CPU.Build.0 = Debug|Any CPU
		{13D8F9DA-750E-4F01-B268-118FD4C17008}.Debug|x64.ActiveCfg = Debug|Any CPU
		{13D8F9DA-750E-4F01-B268-118FD4C17008}.Debug|x64.Build.0 = Debug|Any CPU
		{13D8F9DA-750E-4F01-B268-118FD4C17008}.Debug|x86.ActiveCfg = Debug|Any CPU
		{13D8F9DA-750E-4F01-B268-118FD4C17008}.Debug|x86.Build.0 = Debug|Any CPU
		{13D8F9DA-750E-4F01-B268-118FD4C17008}.Release|Any CPU.ActiveCfg = Release|Any CPU
		{13D8F9DA-750E-4F01-B268-118FD4C17008}.Release|Any CPU.Build.0 = Release|Any CPU
		{13D8F9DA-750E-4F01-B268-118FD4C17008}.Release|x64.ActiveCfg = Release|Any CPU
		{13D8F9DA-750E-4F01-B268-118FD4C17008}.Release|x64.Build.0 = Release|Any CPU
		{13D8F9DA-750E-4F01-B268-118FD4C17008}.Release|x86.ActiveCfg = Release|Any CPU
		{13D8F9DA-750E-4F01-B268-118FD4C17008}.Release|x86.Build.0 = Release|Any CPU
		{79022EFC-A910-453E-A19D-DFF7DDA0A91B}.Debug|Any CPU.ActiveCfg = Debug|Any CPU
		{79022EFC-A910-453E-A19D-DFF7DDA0A91B}.Debug|Any CPU.Build.0 = Debug|Any CPU
		{79022EFC-A910-453E-A19D-DFF7DDA0A91B}.Debug|x64.ActiveCfg = Debug|Any CPU
		{79022EFC-A910-453E-A19D-DFF7DDA0A91B}.Debug|x64.Build.0 = Debug|Any CPU
		{79022EFC-A910-453E-A19D-DFF7DDA0A91B}.Debug|x86.ActiveCfg = Debug|Any CPU
		{79022EFC-A910-453E-A19D-DFF7DDA0A91B}.Debug|x86.Build.0 = Debug|Any CPU
		{79022EFC-A910-453E-A19D-DFF7DDA0A91B}.Release|Any CPU.ActiveCfg = Release|Any CPU
		{79022EFC-A910-453E-A19D-DFF7DDA0A91B}.Release|Any CPU.Build.0 = Release|Any CPU
		{79022EFC-A910-453E-A19D-DFF7DDA0A91B}.Release|x64.ActiveCfg = Release|Any CPU
		{79022EFC-A910-453E-A19D-DFF7DDA0A91B}.Release|x64.Build.0 = Release|Any CPU
		{79022EFC-A910-453E-A19D-DFF7DDA0A91B}.Release|x86.ActiveCfg = Release|Any CPU
		{79022EFC-A910-453E-A19D-DFF7DDA0A91B}.Release|x86.Build.0 = Release|Any CPU
		{40387DAD-211D-4961-97EF-4D09D9E1FAE3}.Debug|Any CPU.ActiveCfg = Debug|Any CPU
		{40387DAD-211D-4961-97EF-4D09D9E1FAE3}.Debug|x64.ActiveCfg = Debug|Any CPU
		{40387DAD-211D-4961-97EF-4D09D9E1FAE3}.Debug|x86.ActiveCfg = Debug|Any CPU
		{40387DAD-211D-4961-97EF-4D09D9E1FAE3}.Release|Any CPU.ActiveCfg = Release|Any CPU
		{40387DAD-211D-4961-97EF-4D09D9E1FAE3}.Release|x64.ActiveCfg = Release|Any CPU
		{40387DAD-211D-4961-97EF-4D09D9E1FAE3}.Release|x86.ActiveCfg = Release|Any CPU
		{D9FB99D7-A7BD-45F0-82CC-84132CFEAA34}.Debug|Any CPU.ActiveCfg = Debug|Any CPU
		{D9FB99D7-A7BD-45F0-82CC-84132CFEAA34}.Debug|Any CPU.Build.0 = Debug|Any CPU
		{D9FB99D7-A7BD-45F0-82CC-84132CFEAA34}.Debug|x64.ActiveCfg = Debug|Any CPU
		{D9FB99D7-A7BD-45F0-82CC-84132CFEAA34}.Debug|x64.Build.0 = Debug|Any CPU
		{D9FB99D7-A7BD-45F0-82CC-84132CFEAA34}.Debug|x86.ActiveCfg = Debug|Any CPU
		{D9FB99D7-A7BD-45F0-82CC-84132CFEAA34}.Debug|x86.Build.0 = Debug|Any CPU
		{D9FB99D7-A7BD-45F0-82CC-84132CFEAA34}.Release|Any CPU.ActiveCfg = Release|Any CPU
		{D9FB99D7-A7BD-45F0-82CC-84132CFEAA34}.Release|Any CPU.Build.0 = Release|Any CPU
		{D9FB99D7-A7BD-45F0-82CC-84132CFEAA34}.Release|x64.ActiveCfg = Release|Any CPU
		{D9FB99D7-A7BD-45F0-82CC-84132CFEAA34}.Release|x64.Build.0 = Release|Any CPU
		{D9FB99D7-A7BD-45F0-82CC-84132CFEAA34}.Release|x86.ActiveCfg = Release|Any CPU
		{D9FB99D7-A7BD-45F0-82CC-84132CFEAA34}.Release|x86.Build.0 = Release|Any CPU
		{B5C4EB67-7F0A-437B-B570-170570D9E820}.Debug|Any CPU.ActiveCfg = Debug|Any CPU
		{B5C4EB67-7F0A-437B-B570-170570D9E820}.Debug|Any CPU.Build.0 = Debug|Any CPU
		{B5C4EB67-7F0A-437B-B570-170570D9E820}.Debug|x64.ActiveCfg = Debug|Any CPU
		{B5C4EB67-7F0A-437B-B570-170570D9E820}.Debug|x64.Build.0 = Debug|Any CPU
		{B5C4EB67-7F0A-437B-B570-170570D9E820}.Debug|x86.ActiveCfg = Debug|Any CPU
		{B5C4EB67-7F0A-437B-B570-170570D9E820}.Debug|x86.Build.0 = Debug|Any CPU
		{B5C4EB67-7F0A-437B-B570-170570D9E820}.Release|Any CPU.ActiveCfg = Release|Any CPU
		{B5C4EB67-7F0A-437B-B570-170570D9E820}.Release|Any CPU.Build.0 = Release|Any CPU
		{B5C4EB67-7F0A-437B-B570-170570D9E820}.Release|x64.ActiveCfg = Release|Any CPU
		{B5C4EB67-7F0A-437B-B570-170570D9E820}.Release|x64.Build.0 = Release|Any CPU
		{B5C4EB67-7F0A-437B-B570-170570D9E820}.Release|x86.ActiveCfg = Release|Any CPU
		{B5C4EB67-7F0A-437B-B570-170570D9E820}.Release|x86.Build.0 = Release|Any CPU
		{AD52596F-BF25-48B0-9C57-197A45DD4D46}.Debug|Any CPU.ActiveCfg = Debug|Any CPU
		{AD52596F-BF25-48B0-9C57-197A45DD4D46}.Debug|Any CPU.Build.0 = Debug|Any CPU
		{AD52596F-BF25-48B0-9C57-197A45DD4D46}.Debug|x64.ActiveCfg = Debug|Any CPU
		{AD52596F-BF25-48B0-9C57-197A45DD4D46}.Debug|x64.Build.0 = Debug|Any CPU
		{AD52596F-BF25-48B0-9C57-197A45DD4D46}.Debug|x86.ActiveCfg = Debug|Any CPU
		{AD52596F-BF25-48B0-9C57-197A45DD4D46}.Debug|x86.Build.0 = Debug|Any CPU
		{AD52596F-BF25-48B0-9C57-197A45DD4D46}.Release|Any CPU.ActiveCfg = Release|Any CPU
		{AD52596F-BF25-48B0-9C57-197A45DD4D46}.Release|Any CPU.Build.0 = Release|Any CPU
		{AD52596F-BF25-48B0-9C57-197A45DD4D46}.Release|x64.ActiveCfg = Release|Any CPU
		{AD52596F-BF25-48B0-9C57-197A45DD4D46}.Release|x64.Build.0 = Release|Any CPU
		{AD52596F-BF25-48B0-9C57-197A45DD4D46}.Release|x86.ActiveCfg = Release|Any CPU
		{AD52596F-BF25-48B0-9C57-197A45DD4D46}.Release|x86.Build.0 = Release|Any CPU
		{94EB6C80-E67E-457B-8377-5DD6AA4214B0}.Debug|Any CPU.ActiveCfg = Debug|Any CPU
		{94EB6C80-E67E-457B-8377-5DD6AA4214B0}.Debug|Any CPU.Build.0 = Debug|Any CPU
		{94EB6C80-E67E-457B-8377-5DD6AA4214B0}.Debug|x64.ActiveCfg = Debug|Any CPU
		{94EB6C80-E67E-457B-8377-5DD6AA4214B0}.Debug|x64.Build.0 = Debug|Any CPU
		{94EB6C80-E67E-457B-8377-5DD6AA4214B0}.Debug|x86.ActiveCfg = Debug|Any CPU
		{94EB6C80-E67E-457B-8377-5DD6AA4214B0}.Debug|x86.Build.0 = Debug|Any CPU
		{94EB6C80-E67E-457B-8377-5DD6AA4214B0}.Release|Any CPU.ActiveCfg = Release|Any CPU
		{94EB6C80-E67E-457B-8377-5DD6AA4214B0}.Release|Any CPU.Build.0 = Release|Any CPU
		{94EB6C80-E67E-457B-8377-5DD6AA4214B0}.Release|x64.ActiveCfg = Release|Any CPU
		{94EB6C80-E67E-457B-8377-5DD6AA4214B0}.Release|x64.Build.0 = Release|Any CPU
		{94EB6C80-E67E-457B-8377-5DD6AA4214B0}.Release|x86.ActiveCfg = Release|Any CPU
		{94EB6C80-E67E-457B-8377-5DD6AA4214B0}.Release|x86.Build.0 = Release|Any CPU
		{2E0FA4D2-B919-45B6-90DD-B30F2EAF19E0}.Debug|Any CPU.ActiveCfg = Debug|Any CPU
		{2E0FA4D2-B919-45B6-90DD-B30F2EAF19E0}.Debug|Any CPU.Build.0 = Debug|Any CPU
		{2E0FA4D2-B919-45B6-90DD-B30F2EAF19E0}.Debug|x64.ActiveCfg = Debug|Any CPU
		{2E0FA4D2-B919-45B6-90DD-B30F2EAF19E0}.Debug|x64.Build.0 = Debug|Any CPU
		{2E0FA4D2-B919-45B6-90DD-B30F2EAF19E0}.Debug|x86.ActiveCfg = Debug|Any CPU
		{2E0FA4D2-B919-45B6-90DD-B30F2EAF19E0}.Debug|x86.Build.0 = Debug|Any CPU
		{2E0FA4D2-B919-45B6-90DD-B30F2EAF19E0}.Release|Any CPU.ActiveCfg = Release|Any CPU
		{2E0FA4D2-B919-45B6-90DD-B30F2EAF19E0}.Release|Any CPU.Build.0 = Release|Any CPU
		{2E0FA4D2-B919-45B6-90DD-B30F2EAF19E0}.Release|x64.ActiveCfg = Release|Any CPU
		{2E0FA4D2-B919-45B6-90DD-B30F2EAF19E0}.Release|x64.Build.0 = Release|Any CPU
		{2E0FA4D2-B919-45B6-90DD-B30F2EAF19E0}.Release|x86.ActiveCfg = Release|Any CPU
		{2E0FA4D2-B919-45B6-90DD-B30F2EAF19E0}.Release|x86.Build.0 = Release|Any CPU
		{34037B07-EC58-496F-8DD9-9F4BCDC14E4C}.Debug|Any CPU.ActiveCfg = Debug|Any CPU
		{34037B07-EC58-496F-8DD9-9F4BCDC14E4C}.Debug|Any CPU.Build.0 = Debug|Any CPU
		{34037B07-EC58-496F-8DD9-9F4BCDC14E4C}.Debug|x64.ActiveCfg = Debug|Any CPU
		{34037B07-EC58-496F-8DD9-9F4BCDC14E4C}.Debug|x64.Build.0 = Debug|Any CPU
		{34037B07-EC58-496F-8DD9-9F4BCDC14E4C}.Debug|x86.ActiveCfg = Debug|Any CPU
		{34037B07-EC58-496F-8DD9-9F4BCDC14E4C}.Debug|x86.Build.0 = Debug|Any CPU
		{34037B07-EC58-496F-8DD9-9F4BCDC14E4C}.Release|Any CPU.ActiveCfg = Release|Any CPU
		{34037B07-EC58-496F-8DD9-9F4BCDC14E4C}.Release|Any CPU.Build.0 = Release|Any CPU
		{34037B07-EC58-496F-8DD9-9F4BCDC14E4C}.Release|x64.ActiveCfg = Release|Any CPU
		{34037B07-EC58-496F-8DD9-9F4BCDC14E4C}.Release|x64.Build.0 = Release|Any CPU
		{34037B07-EC58-496F-8DD9-9F4BCDC14E4C}.Release|x86.ActiveCfg = Release|Any CPU
		{34037B07-EC58-496F-8DD9-9F4BCDC14E4C}.Release|x86.Build.0 = Release|Any CPU
		{636449B0-9C97-423F-8528-E597838FD06A}.Debug|Any CPU.ActiveCfg = Debug|Any CPU
		{636449B0-9C97-423F-8528-E597838FD06A}.Debug|Any CPU.Build.0 = Debug|Any CPU
		{636449B0-9C97-423F-8528-E597838FD06A}.Debug|x64.ActiveCfg = Debug|Any CPU
		{636449B0-9C97-423F-8528-E597838FD06A}.Debug|x64.Build.0 = Debug|Any CPU
		{636449B0-9C97-423F-8528-E597838FD06A}.Debug|x86.ActiveCfg = Debug|Any CPU
		{636449B0-9C97-423F-8528-E597838FD06A}.Debug|x86.Build.0 = Debug|Any CPU
		{636449B0-9C97-423F-8528-E597838FD06A}.Release|Any CPU.ActiveCfg = Release|Any CPU
		{636449B0-9C97-423F-8528-E597838FD06A}.Release|Any CPU.Build.0 = Release|Any CPU
		{636449B0-9C97-423F-8528-E597838FD06A}.Release|x64.ActiveCfg = Release|Any CPU
		{636449B0-9C97-423F-8528-E597838FD06A}.Release|x64.Build.0 = Release|Any CPU
		{636449B0-9C97-423F-8528-E597838FD06A}.Release|x86.ActiveCfg = Release|Any CPU
		{636449B0-9C97-423F-8528-E597838FD06A}.Release|x86.Build.0 = Release|Any CPU
		{0DA67E24-EB0A-4747-B161-FBEBDEA73388}.Debug|Any CPU.ActiveCfg = Debug|Any CPU
		{0DA67E24-EB0A-4747-B161-FBEBDEA73388}.Debug|Any CPU.Build.0 = Debug|Any CPU
		{0DA67E24-EB0A-4747-B161-FBEBDEA73388}.Debug|x64.ActiveCfg = Debug|Any CPU
		{0DA67E24-EB0A-4747-B161-FBEBDEA73388}.Debug|x64.Build.0 = Debug|Any CPU
		{0DA67E24-EB0A-4747-B161-FBEBDEA73388}.Debug|x86.ActiveCfg = Debug|Any CPU
		{0DA67E24-EB0A-4747-B161-FBEBDEA73388}.Debug|x86.Build.0 = Debug|Any CPU
		{0DA67E24-EB0A-4747-B161-FBEBDEA73388}.Release|Any CPU.ActiveCfg = Release|Any CPU
		{0DA67E24-EB0A-4747-B161-FBEBDEA73388}.Release|Any CPU.Build.0 = Release|Any CPU
		{0DA67E24-EB0A-4747-B161-FBEBDEA73388}.Release|x64.ActiveCfg = Release|Any CPU
		{0DA67E24-EB0A-4747-B161-FBEBDEA73388}.Release|x64.Build.0 = Release|Any CPU
		{0DA67E24-EB0A-4747-B161-FBEBDEA73388}.Release|x86.ActiveCfg = Release|Any CPU
		{0DA67E24-EB0A-4747-B161-FBEBDEA73388}.Release|x86.Build.0 = Release|Any CPU
		{35C37FCA-CBEE-49E7-ACC5-85AF4EE782BD}.Debug|Any CPU.ActiveCfg = Debug|Any CPU
		{35C37FCA-CBEE-49E7-ACC5-85AF4EE782BD}.Debug|Any CPU.Build.0 = Debug|Any CPU
		{35C37FCA-CBEE-49E7-ACC5-85AF4EE782BD}.Debug|x64.ActiveCfg = Debug|Any CPU
		{35C37FCA-CBEE-49E7-ACC5-85AF4EE782BD}.Debug|x64.Build.0 = Debug|Any CPU
		{35C37FCA-CBEE-49E7-ACC5-85AF4EE782BD}.Debug|x86.ActiveCfg = Debug|Any CPU
		{35C37FCA-CBEE-49E7-ACC5-85AF4EE782BD}.Debug|x86.Build.0 = Debug|Any CPU
		{35C37FCA-CBEE-49E7-ACC5-85AF4EE782BD}.Release|Any CPU.ActiveCfg = Release|Any CPU
		{35C37FCA-CBEE-49E7-ACC5-85AF4EE782BD}.Release|Any CPU.Build.0 = Release|Any CPU
		{35C37FCA-CBEE-49E7-ACC5-85AF4EE782BD}.Release|x64.ActiveCfg = Release|Any CPU
		{35C37FCA-CBEE-49E7-ACC5-85AF4EE782BD}.Release|x64.Build.0 = Release|Any CPU
		{35C37FCA-CBEE-49E7-ACC5-85AF4EE782BD}.Release|x86.ActiveCfg = Release|Any CPU
		{35C37FCA-CBEE-49E7-ACC5-85AF4EE782BD}.Release|x86.Build.0 = Release|Any CPU
		{499C01BD-06D1-4197-9D1E-99E8B018FE22}.Debug|Any CPU.ActiveCfg = Debug|Any CPU
		{499C01BD-06D1-4197-9D1E-99E8B018FE22}.Debug|Any CPU.Build.0 = Debug|Any CPU
		{499C01BD-06D1-4197-9D1E-99E8B018FE22}.Debug|x64.ActiveCfg = Debug|Any CPU
		{499C01BD-06D1-4197-9D1E-99E8B018FE22}.Debug|x64.Build.0 = Debug|Any CPU
		{499C01BD-06D1-4197-9D1E-99E8B018FE22}.Debug|x86.ActiveCfg = Debug|Any CPU
		{499C01BD-06D1-4197-9D1E-99E8B018FE22}.Debug|x86.Build.0 = Debug|Any CPU
		{499C01BD-06D1-4197-9D1E-99E8B018FE22}.Release|Any CPU.ActiveCfg = Release|Any CPU
		{499C01BD-06D1-4197-9D1E-99E8B018FE22}.Release|Any CPU.Build.0 = Release|Any CPU
		{499C01BD-06D1-4197-9D1E-99E8B018FE22}.Release|x64.ActiveCfg = Release|Any CPU
		{499C01BD-06D1-4197-9D1E-99E8B018FE22}.Release|x64.Build.0 = Release|Any CPU
		{499C01BD-06D1-4197-9D1E-99E8B018FE22}.Release|x86.ActiveCfg = Release|Any CPU
		{499C01BD-06D1-4197-9D1E-99E8B018FE22}.Release|x86.Build.0 = Release|Any CPU
		{B54B02ED-09AF-4F03-8023-5E690F4D4A14}.Debug|Any CPU.ActiveCfg = Debug|Any CPU
		{B54B02ED-09AF-4F03-8023-5E690F4D4A14}.Debug|Any CPU.Build.0 = Debug|Any CPU
		{B54B02ED-09AF-4F03-8023-5E690F4D4A14}.Debug|x64.ActiveCfg = Debug|Any CPU
		{B54B02ED-09AF-4F03-8023-5E690F4D4A14}.Debug|x64.Build.0 = Debug|Any CPU
		{B54B02ED-09AF-4F03-8023-5E690F4D4A14}.Debug|x86.ActiveCfg = Debug|Any CPU
		{B54B02ED-09AF-4F03-8023-5E690F4D4A14}.Debug|x86.Build.0 = Debug|Any CPU
		{B54B02ED-09AF-4F03-8023-5E690F4D4A14}.Release|Any CPU.ActiveCfg = Release|Any CPU
		{B54B02ED-09AF-4F03-8023-5E690F4D4A14}.Release|Any CPU.Build.0 = Release|Any CPU
		{B54B02ED-09AF-4F03-8023-5E690F4D4A14}.Release|x64.ActiveCfg = Release|Any CPU
		{B54B02ED-09AF-4F03-8023-5E690F4D4A14}.Release|x64.Build.0 = Release|Any CPU
		{B54B02ED-09AF-4F03-8023-5E690F4D4A14}.Release|x86.ActiveCfg = Release|Any CPU
		{B54B02ED-09AF-4F03-8023-5E690F4D4A14}.Release|x86.Build.0 = Release|Any CPU
		{0D361C78-6B72-46DF-8587-214DDB96878B}.Debug|Any CPU.ActiveCfg = Debug|Any CPU
		{0D361C78-6B72-46DF-8587-214DDB96878B}.Debug|Any CPU.Build.0 = Debug|Any CPU
		{0D361C78-6B72-46DF-8587-214DDB96878B}.Debug|x64.ActiveCfg = Debug|Any CPU
		{0D361C78-6B72-46DF-8587-214DDB96878B}.Debug|x64.Build.0 = Debug|Any CPU
		{0D361C78-6B72-46DF-8587-214DDB96878B}.Debug|x86.ActiveCfg = Debug|Any CPU
		{0D361C78-6B72-46DF-8587-214DDB96878B}.Debug|x86.Build.0 = Debug|Any CPU
		{0D361C78-6B72-46DF-8587-214DDB96878B}.Release|Any CPU.ActiveCfg = Release|Any CPU
		{0D361C78-6B72-46DF-8587-214DDB96878B}.Release|Any CPU.Build.0 = Release|Any CPU
		{0D361C78-6B72-46DF-8587-214DDB96878B}.Release|x64.ActiveCfg = Release|Any CPU
		{0D361C78-6B72-46DF-8587-214DDB96878B}.Release|x64.Build.0 = Release|Any CPU
		{0D361C78-6B72-46DF-8587-214DDB96878B}.Release|x86.ActiveCfg = Release|Any CPU
		{0D361C78-6B72-46DF-8587-214DDB96878B}.Release|x86.Build.0 = Release|Any CPU
		{962F3DEF-CBC6-4B10-8DBC-8FC76719D2D9}.Debug|Any CPU.ActiveCfg = Debug|Any CPU
		{962F3DEF-CBC6-4B10-8DBC-8FC76719D2D9}.Debug|Any CPU.Build.0 = Debug|Any CPU
		{962F3DEF-CBC6-4B10-8DBC-8FC76719D2D9}.Debug|x64.ActiveCfg = Debug|Any CPU
		{962F3DEF-CBC6-4B10-8DBC-8FC76719D2D9}.Debug|x64.Build.0 = Debug|Any CPU
		{962F3DEF-CBC6-4B10-8DBC-8FC76719D2D9}.Debug|x86.ActiveCfg = Debug|Any CPU
		{962F3DEF-CBC6-4B10-8DBC-8FC76719D2D9}.Debug|x86.Build.0 = Debug|Any CPU
		{962F3DEF-CBC6-4B10-8DBC-8FC76719D2D9}.Release|Any CPU.ActiveCfg = Release|Any CPU
		{962F3DEF-CBC6-4B10-8DBC-8FC76719D2D9}.Release|Any CPU.Build.0 = Release|Any CPU
		{962F3DEF-CBC6-4B10-8DBC-8FC76719D2D9}.Release|x64.ActiveCfg = Release|Any CPU
		{962F3DEF-CBC6-4B10-8DBC-8FC76719D2D9}.Release|x64.Build.0 = Release|Any CPU
		{962F3DEF-CBC6-4B10-8DBC-8FC76719D2D9}.Release|x86.ActiveCfg = Release|Any CPU
		{962F3DEF-CBC6-4B10-8DBC-8FC76719D2D9}.Release|x86.Build.0 = Release|Any CPU
		{4AFD2E47-37DA-4FDC-8432-3215F82169E3}.Debug|Any CPU.ActiveCfg = Debug|Any CPU
		{4AFD2E47-37DA-4FDC-8432-3215F82169E3}.Debug|Any CPU.Build.0 = Debug|Any CPU
		{4AFD2E47-37DA-4FDC-8432-3215F82169E3}.Debug|x64.ActiveCfg = Debug|Any CPU
		{4AFD2E47-37DA-4FDC-8432-3215F82169E3}.Debug|x64.Build.0 = Debug|Any CPU
		{4AFD2E47-37DA-4FDC-8432-3215F82169E3}.Debug|x86.ActiveCfg = Debug|Any CPU
		{4AFD2E47-37DA-4FDC-8432-3215F82169E3}.Debug|x86.Build.0 = Debug|Any CPU
		{4AFD2E47-37DA-4FDC-8432-3215F82169E3}.Release|Any CPU.ActiveCfg = Release|Any CPU
		{4AFD2E47-37DA-4FDC-8432-3215F82169E3}.Release|Any CPU.Build.0 = Release|Any CPU
		{4AFD2E47-37DA-4FDC-8432-3215F82169E3}.Release|x64.ActiveCfg = Release|Any CPU
		{4AFD2E47-37DA-4FDC-8432-3215F82169E3}.Release|x64.Build.0 = Release|Any CPU
		{4AFD2E47-37DA-4FDC-8432-3215F82169E3}.Release|x86.ActiveCfg = Release|Any CPU
		{4AFD2E47-37DA-4FDC-8432-3215F82169E3}.Release|x86.Build.0 = Release|Any CPU
		{6BBE2237-2AA5-4DF3-8949-BBF760682416}.Debug|Any CPU.ActiveCfg = Debug|Any CPU
		{6BBE2237-2AA5-4DF3-8949-BBF760682416}.Debug|Any CPU.Build.0 = Debug|Any CPU
		{6BBE2237-2AA5-4DF3-8949-BBF760682416}.Debug|x64.ActiveCfg = Debug|Any CPU
		{6BBE2237-2AA5-4DF3-8949-BBF760682416}.Debug|x64.Build.0 = Debug|Any CPU
		{6BBE2237-2AA5-4DF3-8949-BBF760682416}.Debug|x86.ActiveCfg = Debug|Any CPU
		{6BBE2237-2AA5-4DF3-8949-BBF760682416}.Debug|x86.Build.0 = Debug|Any CPU
		{6BBE2237-2AA5-4DF3-8949-BBF760682416}.Release|Any CPU.ActiveCfg = Release|Any CPU
		{6BBE2237-2AA5-4DF3-8949-BBF760682416}.Release|Any CPU.Build.0 = Release|Any CPU
		{6BBE2237-2AA5-4DF3-8949-BBF760682416}.Release|x64.ActiveCfg = Release|Any CPU
		{6BBE2237-2AA5-4DF3-8949-BBF760682416}.Release|x64.Build.0 = Release|Any CPU
		{6BBE2237-2AA5-4DF3-8949-BBF760682416}.Release|x86.ActiveCfg = Release|Any CPU
		{6BBE2237-2AA5-4DF3-8949-BBF760682416}.Release|x86.Build.0 = Release|Any CPU
		{79974B16-A3E6-4A0F-8701-ABCDE95BF751}.Debug|Any CPU.ActiveCfg = Debug|Any CPU
		{79974B16-A3E6-4A0F-8701-ABCDE95BF751}.Debug|x64.ActiveCfg = Debug|Any CPU
		{79974B16-A3E6-4A0F-8701-ABCDE95BF751}.Debug|x64.Build.0 = Debug|Any CPU
		{79974B16-A3E6-4A0F-8701-ABCDE95BF751}.Debug|x86.ActiveCfg = Debug|Any CPU
		{79974B16-A3E6-4A0F-8701-ABCDE95BF751}.Debug|x86.Build.0 = Debug|Any CPU
		{79974B16-A3E6-4A0F-8701-ABCDE95BF751}.Release|Any CPU.ActiveCfg = Release|Any CPU
		{79974B16-A3E6-4A0F-8701-ABCDE95BF751}.Release|x64.ActiveCfg = Release|Any CPU
		{79974B16-A3E6-4A0F-8701-ABCDE95BF751}.Release|x64.Build.0 = Release|Any CPU
		{79974B16-A3E6-4A0F-8701-ABCDE95BF751}.Release|x86.ActiveCfg = Release|Any CPU
		{79974B16-A3E6-4A0F-8701-ABCDE95BF751}.Release|x86.Build.0 = Release|Any CPU
	EndGlobalSection
	GlobalSection(SolutionProperties) = preSolution
		HideSolutionNode = FALSE
	EndGlobalSection
	GlobalSection(ExtensibilityGlobals) = postSolution
		SolutionGuid = {45DB8E44-565F-476A-A0DA-A39B91C061D3}
	EndGlobalSection
EndGlobal
